lockfileVersion: '9.0'

settings:
  autoInstallPeers: true
  excludeLinksFromLockfile: false

importers:

  .:
    dependencies:
      camelcase:
        specifier: ^8.0.0
        version: 8.0.0
    devDependencies:
      sst:
        specifier: 3.6.35
        version: 3.6.35

packages:

  aws4fetch@1.0.20:
    resolution: {integrity: sha512-/djoAN709iY65ETD6LKCtyyEI04XIBP5xVvfmNxsEP0uJB5tyaGBztSryRr4HqMStr9R06PisQE7m9zDTXKu6g==}

  camelcase@8.0.0:
    resolution: {integrity: sha512-8WB3Jcas3swSvjIeA2yvCJ+Miyz5l1ZmB6HFb9R1317dt9LCQoswg/BGrmAmkWVEszSrrg4RwmO46qIm2OEnSA==}
    engines: {node: '>=16'}

  jose@4.15.9:
    resolution: {integrity: sha512-1vUQX+IdDMVPj4k8kOxgUqlcK518yluMuGZwqlr44FS1ppZB/5GWh4rZG89erpOBOJjU/OBsnCVFfapsRz6nEA==}

  jose@5.2.3:
    resolution: {integrity: sha512-KUXdbctm1uHVL8BYhnyHkgp3zDX5KW8ZhAKVFEfUbU2P8Alpzjb+48hHvjOdQIyPshoblhzsuqOwEEAbtHVirA==}

  lru-cache@6.0.0:
    resolution: {integrity: sha512-Jo6dJ04CmSjuznwJSS3pUeWmd/H0ffTlkXXgwZi+eq1UCmqQwCh+eLsYOYCwY991i2Fah4h1BEMCx4qThGbsiA==}
    engines: {node: '>=10'}

  object-hash@2.2.0:
    resolution: {integrity: sha512-gScRMn0bS5fH+IuwyIFgnh9zBdo4DV+6GhygmWM9HyNJSgS0hScp1f5vjtm7oIIOiT9trXrShAkLFSc2IqKNgw==}
    engines: {node: '>= 6'}

  oidc-token-hash@5.1.1:
    resolution: {integrity: sha512-D7EmwxJV6DsEB6vOFLrBM2OzsVgQzgPWyHlV2OOAVj772n+WTXpudC9e9u5BVKQnYwaD30Ivhi9b+4UeBcGu9g==}
    engines: {node: ^10.13.0 || >=12.0.0}

  openid-client@5.6.4:
    resolution: {integrity: sha512-T1h3B10BRPKfcObdBklX639tVz+xh34O7GjofqrqiAQdm7eHsQ00ih18x6wuJ/E6FxdtS2u3FmUGPDeEcMwzNA==}

  sst-darwin-arm64@3.6.35:
    resolution: {integrity: sha512-1NSas4wm2hSBZbLOLklvRiRw+vC1IttvxrsDgj2XqFesZ/J4NknVacmym2V82JPkAI/TUcKpgf27i4JTEj7NlQ==}
    cpu: [arm64]
    os: [darwin]

  sst-darwin-x64@3.6.35:
    resolution: {integrity: sha512-jpFpUqrJGM8BMVj5V6A5x+VWgW7l/n1u7DUoV4HP/GcLW2WbtdN0ug1BjLdfpEGQ50sRzO6XJSZx2t3JFKDtDQ==}
    cpu: [x64]
    os: [darwin]

  sst-linux-arm64@3.6.35:
    resolution: {integrity: sha512-VFFVk1b6wPg/nBgHPUARJZmJQnQKebJr9m+Cu6jDfVyNsIpCo+q1W/uKbia7Y2fSpMMS6Pdw5480CJvmLtz/7g==}
    cpu: [arm64]
    os: [linux]

  sst-linux-x64@3.6.35:
    resolution: {integrity: sha512-Iw48glLvm6W6xV+lUus37xdOuzgFnHJ/wFF2fhzsw/NrWo2nmft5YPj7Cg3XQqBGtPR82v0xU/MaPX0PPbu0Zw==}
    cpu: [x64]
    os: [linux]

  sst-linux-x86@3.6.35:
    resolution: {integrity: sha512-I1C+QuL4j0t5whv6GzRSWFcyRGZKIxTNNVS82KYFiJdA6YPMYvTE2Tp5eYixBA1WutQAFBwkC4brhhovJHz1uQ==}
    cpu: [x86]
    os: [linux]

  sst@3.6.35:
    resolution: {integrity: sha512-dEadN3Z+FlXja0gVF0f8sz0BXrxZhzWz9ODLcSScOonApA2WOBBl36HiClh7+oppFNl+IwKeh3AvXtvjVQt8tg==}
    hasBin: true

  yallist@4.0.0:
    resolution: {integrity: sha512-3wdGidZyq5PB084XLES5TpOSRA3wjXAlIWMhum2kRcv/41Sn2emQ0dycQW4uZXLejwKvg6EsvbdlVL+FYEct7A==}

snapshots:

  aws4fetch@1.0.20: {}

  camelcase@8.0.0: {}

  jose@4.15.9: {}

  jose@5.2.3: {}

  lru-cache@6.0.0:
    dependencies:
      yallist: 4.0.0

  object-hash@2.2.0: {}

  oidc-token-hash@5.1.1: {}

  openid-client@5.6.4:
    dependencies:
      jose: 4.15.9
      lru-cache: 6.0.0
      object-hash: 2.2.0
      oidc-token-hash: 5.1.1

  sst-darwin-arm64@3.6.35:
    optional: true

  sst-darwin-x64@3.6.35:
    optional: true

  sst-linux-arm64@3.6.35:
    optional: true

  sst-linux-x64@3.6.35:
    optional: true

  sst-linux-x86@3.6.35:
    optional: true

  sst@3.6.35:
    dependencies:
      aws4fetch: 1.0.20
      jose: 5.2.3
      openid-client: 5.6.4
    optionalDependencies:
      sst-darwin-arm64: 3.6.35
      sst-darwin-x64: 3.6.35
      sst-linux-arm64: 3.6.35
      sst-linux-x64: 3.6.35
      sst-linux-x86: 3.6.35

  yallist@4.0.0: {}
