%{
  "acceptor_pool": {:hex, :acceptor_pool, "1.0.0", "43c20d2acae35f0c2bcd64f9d2bde267e459f0f3fd23dab26485bf518c281b21", [:rebar3], [], "hexpm", "0cbcd83fdc8b9ad2eee2067ef8b91a14858a5883cb7cd800e6fcd5803e158788"},
  "backoff": {:hex, :backoff, "1.1.6", "83b72ed2108ba1ee8f7d1c22e0b4a00cfe3593a67dbc792799e8cce9f42f796b", [:rebar3], [], "hexpm", "cf0cfff8995fb20562f822e5cc47d8ccf664c5ecdc26a684cbe85c225f9d7c39"},
  "bandit": {:hex, :bandit, "1.5.5", "df28f1c41f745401fe9e85a6882033f5f3442ab6d30c8a2948554062a4ab56e0", [:mix], [{:hpax, "~> 0.2.0", [hex: :hpax, repo: "hexpm", optional: false]}, {:plug, "~> 1.14", [hex: :plug, repo: "hexpm", optional: false]}, {:telemetry, "~> 0.4 or ~> 1.0", [hex: :telemetry, repo: "hexpm", optional: false]}, {:thousand_island, "~> 1.0", [hex: :thousand_island, repo: "hexpm", optional: false]}, {:websock, "~> 0.5", [hex: :websock, repo: "hexpm", optional: false]}], "hexpm", "f21579a29ea4bc08440343b2b5f16f7cddf2fea5725d31b72cf973ec729079e1"},
  "chatterbox": {:hex, :ts_chatterbox, "0.15.1", "5cac4d15dd7ad61fc3c4415ce4826fc563d4643dee897a558ec4ea0b1c835c9c", [:rebar3], [{:hpack, "~> 0.3.0", [hex: :hpack_erl, repo: "hexpm", optional: false]}], "hexpm", "4f75b91451338bc0da5f52f3480fa6ef6e3a2aeecfc33686d6b3d0a0948f31aa"},
  "ctx": {:hex, :ctx, "0.6.0", "8ff88b70e6400c4df90142e7f130625b82086077a45364a78d208ed3ed53c7fe", [:rebar3], [], "hexpm", "a14ed2d1b67723dbebbe423b28d7615eb0bdcba6ff28f2d1f1b0a7e1d4aa5fc2"},
  "cubdb": {:hex, :cubdb, "2.0.2", "d4253885084dae37a8ff73887d232864eb38ecac962aa08543e686b0183a1d62", [:mix], [], "hexpm", "c99cc8f9e6c4deb98d16cca5ded1928edd22e48b4736b76e8a1a85367d7fe921"},
  "db_connection": {:hex, :db_connection, "2.7.0", "b99faa9291bb09892c7da373bb82cba59aefa9b36300f6145c5f201c7adf48ec", [:mix], [{:telemetry, "~> 0.4 or ~> 1.0", [hex: :telemetry, repo: "hexpm", optional: false]}], "hexpm", "dcf08f31b2701f857dfc787fbad78223d61a32204f217f15e881dd93e4bdd3ff"},
  "decimal": {:hex, :decimal, "2.1.1", "5611dca5d4b2c3dd497dec8f68751f1f1a54755e8ed2a966c2633cf885973ad6", [:mix], [], "hexpm", "53cfe5f497ed0e7771ae1a475575603d77425099ba5faef9394932b35020ffcc"},
  "dialyxir": {:hex, :dialyxir, "1.4.3", "edd0124f358f0b9e95bfe53a9fcf806d615d8f838e2202a9f430d59566b6b53b", [:mix], [{:erlex, ">= 0.2.6", [hex: :erlex, repo: "hexpm", optional: false]}], "hexpm", "bf2cfb75cd5c5006bec30141b131663299c661a864ec7fbbc72dfa557487a986"},
  "dotenvy": {:hex, :dotenvy, "0.8.0", "777486ad485668317c56afc53a7cbcd74f43e4e34588ba8e95a73e15a360050e", [:mix], [], "hexpm", "1f535066282388cbd109743d337ac46ff0708195780d4b5778bb83491ab1b654"},
  "earmark_parser": {:hex, :earmark_parser, "1.4.41", "ab34711c9dc6212dda44fcd20ecb87ac3f3fce6f0ca2f28d4a00e4154f8cd599", [:mix], [], "hexpm", "a81a04c7e34b6617c2792e291b5a2e57ab316365c2644ddc553bb9ed863ebefa"},
  "ecto": {:hex, :ecto, "3.11.2", "e1d26be989db350a633667c5cda9c3d115ae779b66da567c68c80cfb26a8c9ee", [:mix], [{:decimal, "~> 2.0", [hex: :decimal, repo: "hexpm", optional: false]}, {:jason, "~> 1.0", [hex: :jason, repo: "hexpm", optional: true]}, {:telemetry, "~> 0.4 or ~> 1.0", [hex: :telemetry, repo: "hexpm", optional: false]}], "hexpm", "3c38bca2c6f8d8023f2145326cc8a80100c3ffe4dcbd9842ff867f7fc6156c65"},
  "elixir_make": {:hex, :elixir_make, "0.8.4", "4960a03ce79081dee8fe119d80ad372c4e7badb84c493cc75983f9d3bc8bde0f", [:mix], [{:castore, "~> 0.1 or ~> 1.0", [hex: :castore, repo: "hexpm", optional: true]}, {:certifi, "~> 2.0", [hex: :certifi, repo: "hexpm", optional: true]}], "hexpm", "6e7f1d619b5f61dfabd0a20aa268e575572b542ac31723293a4c1a567d5ef040"},
  "erlex": {:hex, :erlex, "0.2.7", "810e8725f96ab74d17aac676e748627a07bc87eb950d2b83acd29dc047a30595", [:mix], [], "hexpm", "3ed95f79d1a844c3f6bf0cea61e0d5612a42ce56da9c03f01df538685365efb0"},
  "ex_doc": {:hex, :ex_doc, "0.34.2", "13eedf3844ccdce25cfd837b99bea9ad92c4e511233199440488d217c92571e8", [:mix], [{:earmark_parser, "~> 1.4.39", [hex: :earmark_parser, repo: "hexpm", optional: false]}, {:makeup_c, ">= 0.1.0", [hex: :makeup_c, repo: "hexpm", optional: true]}, {:makeup_elixir, "~> 0.14 or ~> 1.0", [hex: :makeup_elixir, repo: "hexpm", optional: false]}, {:makeup_erlang, "~> 0.1 or ~> 1.0", [hex: :makeup_erlang, repo: "hexpm", optional: false]}, {:makeup_html, ">= 0.1.0", [hex: :makeup_html, repo: "hexpm", optional: true]}], "hexpm", "5ce5f16b41208a50106afed3de6a2ed34f4acfd65715b82a0b84b49d995f95c1"},
  "excoveralls": {:hex, :excoveralls, "0.18.2", "86efd87a0676a3198ff50b8c77620ea2f445e7d414afa9ec6c4ba84c9f8bdcc2", [:mix], [{:castore, "~> 1.0", [hex: :castore, repo: "hexpm", optional: true]}, {:jason, "~> 1.0", [hex: :jason, repo: "hexpm", optional: false]}], "hexpm", "230262c418f0de64077626a498bd4fdf1126d5c2559bb0e6b43deac3005225a4"},
  "gen_stage": {:hex, :gen_stage, "1.2.1", "19d8b5e9a5996d813b8245338a28246307fd8b9c99d1237de199d21efc4c76a1", [:mix], [], "hexpm", "83e8be657fa05b992ffa6ac1e3af6d57aa50aace8f691fcf696ff02f8335b001"},
  "gproc": {:hex, :gproc, "0.9.1", "f1df0364423539cf0b80e8201c8b1839e229e5f9b3ccb944c5834626998f5b8c", [:rebar3], [], "hexpm", "905088e32e72127ed9466f0bac0d8e65704ca5e73ee5a62cb073c3117916d507"},
  "grpcbox": {:hex, :grpcbox, "0.17.1", "6e040ab3ef16fe699ffb513b0ef8e2e896da7b18931a1ef817143037c454bcce", [:rebar3], [{:acceptor_pool, "~> 1.0.0", [hex: :acceptor_pool, repo: "hexpm", optional: false]}, {:chatterbox, "~> 0.15.1", [hex: :ts_chatterbox, repo: "hexpm", optional: false]}, {:ctx, "~> 0.6.0", [hex: :ctx, repo: "hexpm", optional: false]}, {:gproc, "~> 0.9.1", [hex: :gproc, repo: "hexpm", optional: false]}], "hexpm", "4a3b5d7111daabc569dc9cbd9b202a3237d81c80bf97212fbc676832cb0ceb17"},
  "hpack": {:hex, :hpack_erl, "0.3.0", "2461899cc4ab6a0ef8e970c1661c5fc6a52d3c25580bc6dd204f84ce94669926", [:rebar3], [], "hexpm", "d6137d7079169d8c485c6962dfe261af5b9ef60fbc557344511c1e65e3d95fb0"},
  "hpax": {:hex, :hpax, "0.2.0", "5a58219adcb75977b2edce5eb22051de9362f08236220c9e859a47111c194ff5", [:mix], [], "hexpm", "bea06558cdae85bed075e6c036993d43cd54d447f76d8190a8db0dc5893fa2f1"},
  "jason": {:hex, :jason, "1.4.4", "b9226785a9aa77b6857ca22832cffa5d5011a667207eb2a0ad56adb5db443b8a", [:mix], [{:decimal, "~> 1.0 or ~> 2.0", [hex: :decimal, repo: "hexpm", optional: true]}], "hexpm", "c5eb0cab91f094599f94d55bc63409236a8ec69a21a67814529e8d5f6cc90b3b"},
  "makeup": {:hex, :makeup, "1.1.2", "9ba8837913bdf757787e71c1581c21f9d2455f4dd04cfca785c70bbfff1a76a3", [:mix], [{:nimble_parsec, "~> 1.2.2 or ~> 1.3", [hex: :nimble_parsec, repo: "hexpm", optional: false]}], "hexpm", "cce1566b81fbcbd21eca8ffe808f33b221f9eee2cbc7a1706fc3da9ff18e6cac"},
  "makeup_elixir": {:hex, :makeup_elixir, "0.16.2", "627e84b8e8bf22e60a2579dad15067c755531fea049ae26ef1020cad58fe9578", [:mix], [{:makeup, "~> 1.0", [hex: :makeup, repo: "hexpm", optional: false]}, {:nimble_parsec, "~> 1.2.3 or ~> 1.3", [hex: :nimble_parsec, repo: "hexpm", optional: false]}], "hexpm", "41193978704763f6bbe6cc2758b84909e62984c7752b3784bd3c218bb341706b"},
  "makeup_erlang": {:hex, :makeup_erlang, "1.0.1", "c7f58c120b2b5aa5fd80d540a89fdf866ed42f1f3994e4fe189abebeab610839", [:mix], [{:makeup, "~> 1.0", [hex: :makeup, repo: "hexpm", optional: false]}], "hexpm", "8a89a1eeccc2d798d6ea15496a6e4870b75e014d1af514b1b71fa33134f57814"},
  "mime": {:hex, :mime, "2.0.6", "8f18486773d9b15f95f4f4f1e39b710045fa1de891fada4516559967276e4dc2", [:mix], [], "hexpm", "c9945363a6b26d747389aac3643f8e0e09d30499a138ad64fe8fd1d13d9b153e"},
  "mox": {:hex, :mox, "1.1.0", "0f5e399649ce9ab7602f72e718305c0f9cdc351190f72844599545e4996af73c", [:mix], [], "hexpm", "d44474c50be02d5b72131070281a5d3895c0e7a95c780e90bc0cfe712f633a13"},
  "nimble_options": {:hex, :nimble_options, "1.1.1", "e3a492d54d85fc3fd7c5baf411d9d2852922f66e69476317787a7b2bb000a61b", [:mix], [], "hexpm", "821b2470ca9442c4b6984882fe9bb0389371b8ddec4d45a9504f00a66f650b44"},
  "nimble_parsec": {:hex, :nimble_parsec, "1.4.0", "51f9b613ea62cfa97b25ccc2c1b4216e81df970acd8e16e8d1bdc58fef21370d", [:mix], [], "hexpm", "9c565862810fb383e9838c1dd2d7d2c437b3d13b267414ba6af33e50d2d1cf28"},
  "opentelemetry": {:hex, :opentelemetry, "1.4.0", "f928923ed80adb5eb7894bac22e9a198478e6a8f04020ae1d6f289fdcad0b498", [:rebar3], [{:opentelemetry_api, "~> 1.3.0", [hex: :opentelemetry_api, repo: "hexpm", optional: false]}, {:opentelemetry_semantic_conventions, "~> 0.2", [hex: :opentelemetry_semantic_conventions, repo: "hexpm", optional: false]}], "hexpm", "50b32ce127413e5d87b092b4d210a3449ea80cd8224090fe68d73d576a3faa15"},
  "opentelemetry_api": {:hex, :opentelemetry_api, "1.3.0", "03e2177f28dd8d11aaa88e8522c81c2f6a788170fe52f7a65262340961e663f9", [:mix, :rebar3], [{:opentelemetry_semantic_conventions, "~> 0.2", [hex: :opentelemetry_semantic_conventions, repo: "hexpm", optional: false]}], "hexpm", "b9e5ff775fd064fa098dba3c398490b77649a352b40b0b730a6b7dc0bdd68858"},
  "opentelemetry_exporter": {:hex, :opentelemetry_exporter, "1.7.0", "dec4e90c0667cf11a3642f7fe71982dbc0c6bfbb8725a0b13766830718cf0d98", [:rebar3], [{:grpcbox, ">= 0.0.0", [hex: :grpcbox, repo: "hexpm", optional: false]}, {:opentelemetry, "~> 1.4.0", [hex: :opentelemetry, repo: "hexpm", optional: false]}, {:opentelemetry_api, "~> 1.3.0", [hex: :opentelemetry_api, repo: "hexpm", optional: false]}, {:tls_certificate_check, "~> 1.18", [hex: :tls_certificate_check, repo: "hexpm", optional: false]}], "hexpm", "d0f25f6439ec43f2561537c3fabbe177b38547cddaa3a692cbb8f4770dbefc1e"},
  "opentelemetry_semantic_conventions": {:hex, :opentelemetry_semantic_conventions, "0.2.0", "b67fe459c2938fcab341cb0951c44860c62347c005ace1b50f8402576f241435", [:mix, :rebar3], [], "hexpm", "d61fa1f5639ee8668d74b527e6806e0503efc55a42db7b5f39939d84c07d6895"},
  "opentelemetry_telemetry": {:hex, :opentelemetry_telemetry, "1.1.1", "4a73bfa29d7780ffe33db345465919cef875034854649c37ac789eb8e8f38b21", [:mix, :rebar3], [{:opentelemetry_api, "~> 1.0", [hex: :opentelemetry_api, repo: "hexpm", optional: false]}, {:telemetry, "~> 1.0", [hex: :telemetry, repo: "hexpm", optional: false]}], "hexpm", "ee43b14e6866123a3ee1344e3c0d3d7591f4537542c2a925fcdbf46249c9b50b"},
  "pg_query_ex": {:hex, :pg_query_ex, "0.5.3", "84bf09f4ea10ada6e1cbfd739ccb9ffb6e5b21d87ab81cf52a42fefcc1808566", [:make, :mix], [{:elixir_make, "~> 0.4", [hex: :elixir_make, repo: "hexpm", optional: false]}, {:protox, "~> 1.7", [hex: :protox, repo: "hexpm", optional: false]}], "hexpm", "ec0554d6d287da4cc15cc773577ef61cf41d5d6fcc784bb85f6209439cb246a7"},
  "plug": {:hex, :plug, "1.16.1", "40c74619c12f82736d2214557dedec2e9762029b2438d6d175c5074c933edc9d", [:mix], [{:mime, "~> 1.0 or ~> 2.0", [hex: :mime, repo: "hexpm", optional: false]}, {:plug_crypto, "~> 1.1.1 or ~> 1.2 or ~> 2.0", [hex: :plug_crypto, repo: "hexpm", optional: false]}, {:telemetry, "~> 0.4.3 or ~> 1.0", [hex: :telemetry, repo: "hexpm", optional: false]}], "hexpm", "a13ff6b9006b03d7e33874945b2755253841b238c34071ed85b0e86057f8cddc"},
  "plug_crypto": {:hex, :plug_crypto, "2.1.0", "f44309c2b06d249c27c8d3f65cfe08158ade08418cf540fd4f72d4d6863abb7b", [:mix], [], "hexpm", "131216a4b030b8f8ce0f26038bc4421ae60e4bb95c5cf5395e1421437824c4fa"},
  "postgrex": {:hex, :postgrex, "0.19.0", "f7d50e50cb42e0a185f5b9a6095125a9ab7e4abccfbe2ab820ab9aa92b71dbab", [:mix], [{:db_connection, "~> 2.1", [hex: :db_connection, repo: "hexpm", optional: false]}, {:decimal, "~> 1.5 or ~> 2.0", [hex: :decimal, repo: "hexpm", optional: false]}, {:jason, "~> 1.0", [hex: :jason, repo: "hexpm", optional: true]}, {:table, "~> 0.1.0", [hex: :table, repo: "hexpm", optional: true]}], "hexpm", "dba2d2a0a8637defbf2307e8629cb2526388ba7348f67d04ec77a5d6a72ecfae"},
  "protox": {:hex, :protox, "1.7.3", "dff5488a648850c95cbd1cca5430be7ccedc99e4102aa934dbf60abfa30e64c1", [:mix], [{:decimal, "~> 1.9 or ~> 2.0", [hex: :decimal, repo: "hexpm", optional: false]}, {:jason, "~> 1.2", [hex: :jason, repo: "hexpm", optional: true]}], "hexpm", "b936c0654b68b306c4be853db23bb5623e2be89e11238908f2ff6da10fc0275f"},
  "retry": {:hex, :retry, "0.18.0", "dc58ebe22c95aa00bc2459f9e0c5400e6005541cf8539925af0aa027dc860543", [:mix], [], "hexpm", "9483959cc7bf69c9e576d9dfb2b678b71c045d3e6f39ab7c9aa1489df4492d73"},
  "ssl_verify_fun": {:hex, :ssl_verify_fun, "1.1.7", "354c321cf377240c7b8716899e182ce4890c5938111a1296add3ec74cf1715df", [:make, :mix, :rebar3], [], "hexpm", "fe4c190e8f37401d30167c8c405eda19469f34577987c76dde613e838bbc67f8"},
  "telemetry": {:hex, :telemetry, "1.2.1", "68fdfe8d8f05a8428483a97d7aab2f268aaff24b49e0f599faa091f1d4e7f61c", [:rebar3], [], "hexpm", "dad9ce9d8effc621708f99eac538ef1cbe05d6a874dd741de2e689c47feafed5"},
  "telemetry_metrics": {:hex, :telemetry_metrics, "0.6.2", "2caabe9344ec17eafe5403304771c3539f3b6e2f7fb6a6f602558c825d0d0bfb", [:mix], [{:telemetry, "~> 0.4 or ~> 1.0", [hex: :telemetry, repo: "hexpm", optional: false]}], "hexpm", "9b43db0dc33863930b9ef9d27137e78974756f5f198cae18409970ed6fa5b561"},
  "telemetry_metrics_prometheus_core": {:hex, :telemetry_metrics_prometheus_core, "1.2.1", "c9755987d7b959b557084e6990990cb96a50d6482c683fb9622a63837f3cd3d8", [:mix], [{:telemetry, "~> 0.4 or ~> 1.0", [hex: :telemetry, repo: "hexpm", optional: false]}, {:telemetry_metrics, "~> 0.6 or ~> 1.0", [hex: :telemetry_metrics, repo: "hexpm", optional: false]}], "hexpm", "5e2c599da4983c4f88a33e9571f1458bf98b0cf6ba930f1dc3a6e8cf45d5afb6"},
  "telemetry_metrics_statsd": {:hex, :telemetry_metrics_statsd, "0.7.0", "92732fae63db31ef2508df6faee7d81401883e33f2976715a82f296a33a45cee", [:mix], [{:nimble_options, "~> 0.4 or ~> 1.0", [hex: :nimble_options, repo: "hexpm", optional: false]}, {:telemetry, "~> 0.4 or ~> 1.0", [hex: :telemetry, repo: "hexpm", optional: false]}, {:telemetry_metrics, "~> 0.6", [hex: :telemetry_metrics, repo: "hexpm", optional: false]}], "hexpm", "797e34a856376dfd4e96347da0f747fcff4e0cadf6e6f0f989598f563cad05ff"},
  "telemetry_poller": {:hex, :telemetry_poller, "1.1.0", "58fa7c216257291caaf8d05678c8d01bd45f4bdbc1286838a28c4bb62ef32999", [:rebar3], [{:telemetry, "~> 1.0", [hex: :telemetry, repo: "hexpm", optional: false]}], "hexpm", "9eb9d9cbfd81cbd7cdd24682f8711b6e2b691289a0de6826e58452f28c103c8f"},
  "thousand_island": {:hex, :thousand_island, "1.3.5", "6022b6338f1635b3d32406ff98d68b843ba73b3aa95cfc27154223244f3a6ca5", [:mix], [{:telemetry, "~> 0.4 or ~> 1.0", [hex: :telemetry, repo: "hexpm", optional: false]}], "hexpm", "2be6954916fdfe4756af3239fb6b6d75d0b8063b5df03ba76fd8a4c87849e180"},
  "tls_certificate_check": {:hex, :tls_certificate_check, "1.23.0", "bb7869c629de4ec72d4652520c1ad2255bb5712ad09a6568c41b0294b3cec78f", [:rebar3], [{:ssl_verify_fun, "~> 1.1", [hex: :ssl_verify_fun, repo: "hexpm", optional: false]}], "hexpm", "79d0c84effc7c81ac1e85fa38b1c33572fe2976fb8fafdfb2f0140de0442d494"},
  "tz": {:hex, :tz, "0.27.1", "d8091d0c2d4f590e010c94830c3d842f548b4872a5b92028d74f0d0a3887aebe", [:mix], [{:castore, "~> 0.1 or ~> 1.0", [hex: :castore, repo: "hexpm", optional: true]}, {:mint, "~> 1.6", [hex: :mint, repo: "hexpm", optional: true]}], "hexpm", "215c9120dab5b7f7db4c93e91085c290b2efe478e147d84285a6583fd220727f"},
  "websock": {:hex, :websock, "0.5.3", "2f69a6ebe810328555b6fe5c831a851f485e303a7c8ce6c5f675abeb20ebdadc", [:mix], [], "hexpm", "6105453d7fac22c712ad66fab1d45abdf049868f253cf719b625151460b8b453"},
}
