{
  "name": "@core/sync-service",
  "version": "1.5.1",
  "lockfileVersion": 3,
  "requires": true,
  "packages": {
    "": {
      "name": "@core/sync-service",
      "version": "1.5.1",
      "dependencies": {
        "@durable-streams/cli": "^0.2.3"
      }
    },
    "node_modules/@durable-streams/cli": {
      "version": "0.2.3",
      "resolved": "https://registry.npmjs.org/@durable-streams/cli/-/cli-0.2.3.tgz",
      "integrity": "sha512-hcLRQAegnEbwQG+s1fqX5zQA5x7ehn5JsHFAEDSu9SmzJOgsBa7uneAzojEOUCqLQ6Fl6LUXySElSBRIVEMowg==",
      "license": "Apache-2.0",
      "dependencies": {
        "@durable-streams/client": "0.2.3"
      },
      "bin": {
        "cli": "dist/index.js",
        "durable-stream": "dist/index.js",
        "durable-stream-dev": "bin/durable-stream-dev.mjs"
      },
      "engines": {
        "node": ">=18.0.0"
      }
    },
    "node_modules/@durable-streams/client": {
      "version": "0.2.3",
      "resolved": "https://registry.npmjs.org/@durable-streams/client/-/client-0.2.3.tgz",
      "integrity": "sha512-609hWTqe8/OXzIFnv+oDdlT57QsCAc3F2c/nAQBcYhSLmmbXk5rHx7rnQSmk9MeGGQ8dsg9UCZf47dTJG3q3ig==",
      "license": "Apache-2.0",
      "dependencies": {
        "@microsoft/fetch-event-source": "^2.0.1",
        "fastq": "^1.19.1"
      },
      "bin": {
        "intent": "bin/intent.js"
      },
      "engines": {
        "node": ">=18.0.0"
      }
    },
    "node_modules/@microsoft/fetch-event-source": {
      "version": "2.0.1",
      "resolved": "https://registry.npmjs.org/@microsoft/fetch-event-source/-/fetch-event-source-2.0.1.tgz",
      "integrity": "sha512-W6CLUJ2eBMw3Rec70qrsEW0jOm/3twwJv21mrmj2yORiaVmVYGS4sSS5yUwvQc1ZlDLYGPnClVWmUUMagKNsfA==",
      "license": "MIT"
    },
    "node_modules/fastq": {
      "version": "1.20.1",
      "resolved": "https://registry.npmjs.org/fastq/-/fastq-1.20.1.tgz",
      "integrity": "sha512-GGToxJ/w1x32s/D2EKND7kTil4n8OVk/9mycTc4VDza13lOvpUZTGX3mFSCtV9ksdGBVzvsyAVLM6mHFThxXxw==",
      "license": "ISC",
      "dependencies": {
        "reusify": "^1.0.4"
      }
    },
    "node_modules/reusify": {
      "version": "1.1.0",
      "resolved": "https://registry.npmjs.org/reusify/-/reusify-1.1.0.tgz",
      "integrity": "sha512-g6QUff04oZpHs0eG5p83rFLhHeV00ug/Yf9nZM6fLeUrPguBTkTQOdpAWWspMh55TZfVQDPaN3NQJfbVRAxdIw==",
      "license": "MIT",
      "engines": {
        "iojs": ">=1.0.0",
        "node": ">=0.10.0"
      }
    }
  }
}
